
Microsoft Visual Studio Solution File, Format Version 12.00
# Visual Studio Version 17
VisualStudioVersion = 17.11.35222.181
MinimumVisualStudioVersion = 10.0.40219.1
Project("{FAE04EC0-301F-11D3-BF4B-00C04F79EFBC}") = "TDE POO", "TDE POO.csproj", "{C0E28D02-A9CA-49C5-A32B-1D7CED788FC7}"
EndProject
Global
	GlobalSection(SolutionConfigurationPlatforms) = preSolution
		Debug|Any CPU = Debug|Any CPU
		Release|Any CPU = Release|Any CPU
	EndGlobalSection
	GlobalSection(ProjectConfigurationPlatforms) = postSolution
		{C0E28D02-A9CA-49C5-A32B-1D7CED788FC7}.Debug|Any CPU.ActiveCfg = Debug|Any CPU
		{C0E28D02-A9CA-49C5-A32B-1D7CED788FC7}.Debug|Any CPU.Build.0 = Debug|Any CPU
		{C0E28D02-A9CA-49C5-A32B-1D7CED788FC7}.Release|Any CPU.ActiveCfg = Release|Any CPU
		{C0E28D02-A9CA-49C5-A32B-1D7CED788FC7}.Release|Any CPU.Build.0 = Release|Any CPU
	EndGlobalSection
	GlobalSection(SolutionProperties) = preSolution
		HideSolutionNode = FALSE
	EndGlobalSection
	GlobalSection(ExtensibilityGlobals) = postSolution
		SolutionGuid = {5FD6A02F-4F56-464A-B5C8-881D934B5E95}
	EndGlobalSection
EndGlobal
